
Microsoft Visual Studio Solution File, Format Version 12.00
# Visual Studio Version 16
VisualStudioVersion = 16.0.29519.87
MinimumVisualStudioVersion = 10.0.40219.1
Project("{9A19103F-16F7-4668-BE54-9A1E7A4F7556}") = "SampSharp.Documentation", "src\SampSharp.Documentation\SampSharp.Documentation.csproj", "{AEFFCDF4-52FC-45BD-8405-706CD7F058EA}"
EndProject
Project("{2150E333-8FDC-42A3-9474-1A3956D46DE8}") = "DocPluck", "DocPluck", "{846D7A3E-7E96-48B5-83E2-7ED13A43331D}"
EndProject
Project("{9A19103F-16F7-4668-BE54-9A1E7A4F7556}") = "DocPluck", "src\DocPluck\DocPluck.csproj", "{532D0541-D645-47AC-9538-526139684826}"
EndProject
Project("{9A19103F-16F7-4668-BE54-9A1E7A4F7556}") = "DocPluck.Debug", "src\DocPluck.Debug\DocPluck.Debug.csproj", "{B1C9AC9B-C9A6-45FC-99C2-CC7D48AE05EF}"
EndProject
Project("{9A19103F-16F7-4668-BE54-9A1E7A4F7556}") = "SimpleSample", "src\SimpleSample\SimpleSample.csproj", "{94569F31-5615-4C30-A3CA-70D7D3731C4B}"
EndProject
Project("{FAE04EC0-301F-11D3-BF4B-00C04F79EFBC}") = "SampSharp.DocX", "SampSharp.DocX\SampSharp.DocX.csproj", "{C547408E-8C86-411D-A764-75CFB290DCAE}"
EndProject
Project("{FAE04EC0-301F-11D3-BF4B-00C04F79EFBC}") = "SampSharp.DocX.Data", "SampSharp.DocX.Data\SampSharp.DocX.Data.csproj", "{0FD2208B-4195-4016-A39A-1654EDDF1D6A}"
EndProject
Project("{FAE04EC0-301F-11D3-BF4B-00C04F79EFBC}") = "SampSharp.DocX.Debug", "SampSharp.DocX.Debug\SampSharp.DocX.Debug.csproj", "{260077A8-2166-44CD-86AA-BBA71BBFBDD7}"
EndProject
Global
	GlobalSection(SolutionConfigurationPlatforms) = preSolution
		Debug|Any CPU = Debug|Any CPU
		Release|Any CPU = Release|Any CPU
	EndGlobalSection
	GlobalSection(ProjectConfigurationPlatforms) = postSolution
		{AEFFCDF4-52FC-45BD-8405-706CD7F058EA}.Debug|Any CPU.ActiveCfg = Debug|Any CPU
		{AEFFCDF4-52FC-45BD-8405-706CD7F058EA}.Debug|Any CPU.Build.0 = Debug|Any CPU
		{AEFFCDF4-52FC-45BD-8405-706CD7F058EA}.Release|Any CPU.ActiveCfg = Release|Any CPU
		{AEFFCDF4-52FC-45BD-8405-706CD7F058EA}.Release|Any CPU.Build.0 = Release|Any CPU
		{532D0541-D645-47AC-9538-526139684826}.Debug|Any CPU.ActiveCfg = Debug|Any CPU
		{532D0541-D645-47AC-9538-526139684826}.Debug|Any CPU.Build.0 = Debug|Any CPU
		{532D0541-D645-47AC-9538-526139684826}.Release|Any CPU.ActiveCfg = Release|Any CPU
		{532D0541-D645-47AC-9538-526139684826}.Release|Any CPU.Build.0 = Release|Any CPU
		{B1C9AC9B-C9A6-45FC-99C2-CC7D48AE05EF}.Debug|Any CPU.ActiveCfg = Debug|Any CPU
		{B1C9AC9B-C9A6-45FC-99C2-CC7D48AE05EF}.Debug|Any CPU.Build.0 = Debug|Any CPU
		{B1C9AC9B-C9A6-45FC-99C2-CC7D48AE05EF}.Release|Any CPU.ActiveCfg = Release|Any CPU
		{B1C9AC9B-C9A6-45FC-99C2-CC7D48AE05EF}.Release|Any CPU.Build.0 = Release|Any CPU
		{94569F31-5615-4C30-A3CA-70D7D3731C4B}.Debug|Any CPU.ActiveCfg = Debug|Any CPU
		{94569F31-5615-4C30-A3CA-70D7D3731C4B}.Debug|Any CPU.Build.0 = Debug|Any CPU
		{94569F31-5615-4C30-A3CA-70D7D3731C4B}.Release|Any CPU.ActiveCfg = Release|Any CPU
		{94569F31-5615-4C30-A3CA-70D7D3731C4B}.Release|Any CPU.Build.0 = Release|Any CPU
		{C547408E-8C86-411D-A764-75CFB290DCAE}.Debug|Any CPU.ActiveCfg = Debug|Any CPU
		{C547408E-8C86-411D-A764-75CFB290DCAE}.Debug|Any CPU.Build.0 = Debug|Any CPU
		{C547408E-8C86-411D-A764-75CFB290DCAE}.Release|Any CPU.ActiveCfg = Release|Any CPU
		{C547408E-8C86-411D-A764-75CFB290DCAE}.Release|Any CPU.Build.0 = Release|Any CPU
		{0FD2208B-4195-4016-A39A-1654EDDF1D6A}.Debug|Any CPU.ActiveCfg = Debug|Any CPU
		{0FD2208B-4195-4016-A39A-1654EDDF1D6A}.Debug|Any CPU.Build.0 = Debug|Any CPU
		{0FD2208B-4195-4016-A39A-1654EDDF1D6A}.Release|Any CPU.ActiveCfg = Release|Any CPU
		{0FD2208B-4195-4016-A39A-1654EDDF1D6A}.Release|Any CPU.Build.0 = Release|Any CPU
		{260077A8-2166-44CD-86AA-BBA71BBFBDD7}.Debug|Any CPU.ActiveCfg = Debug|Any CPU
		{260077A8-2166-44CD-86AA-BBA71BBFBDD7}.Debug|Any CPU.Build.0 = Debug|Any CPU
		{260077A8-2166-44CD-86AA-BBA71BBFBDD7}.Release|Any CPU.ActiveCfg = Release|Any CPU
		{260077A8-2166-44CD-86AA-BBA71BBFBDD7}.Release|Any CPU.Build.0 = Release|Any CPU
	EndGlobalSection
	GlobalSection(SolutionProperties) = preSolution
		HideSolutionNode = FALSE
	EndGlobalSection
	GlobalSection(NestedProjects) = preSolution
		{532D0541-D645-47AC-9538-526139684826} = {846D7A3E-7E96-48B5-83E2-7ED13A43331D}
		{B1C9AC9B-C9A6-45FC-99C2-CC7D48AE05EF} = {846D7A3E-7E96-48B5-83E2-7ED13A43331D}
		{94569F31-5615-4C30-A3CA-70D7D3731C4B} = {846D7A3E-7E96-48B5-83E2-7ED13A43331D}
	EndGlobalSection
	GlobalSection(ExtensibilityGlobals) = postSolution
		SolutionGuid = {4B20402D-D76A-4B34-B7CD-6E3E0D0B32B0}
	EndGlobalSection
EndGlobal
