
Microsoft Visual Studio Solution File, Format Version 12.00
# Visual Studio Version 17
VisualStudioVersion = 17.0.32112.339
MinimumVisualStudioVersion = 10.0.40219.1
Project("{9A19103F-16F7-4668-BE54-9A1E7A4F7556}") = "SampSharp.Documentation", "src\SampSharp.Documentation\SampSharp.Documentation.csproj", "{D3A785E7-5E0D-459B-9D84-CE167239838F}"
EndProject
Project("{2150E333-8FDC-42A3-9474-1A3956D46DE8}") = "Solution Items", "Solution Items", "{F6468060-78C4-4AAB-92E1-B3715A53CCA2}"
	ProjectSection(SolutionItems) = preProject
		Dockerfile = Dockerfile
		README.md = README.md
	EndProjectSection
EndProject
Global
	GlobalSection(SolutionConfigurationPlatforms) = preSolution
		Debug|Any CPU = Debug|Any CPU
		Release|Any CPU = Release|Any CPU
	EndGlobalSection
	GlobalSection(ProjectConfigurationPlatforms) = postSolution
		{D3A785E7-5E0D-459B-9D84-CE167239838F}.Debug|Any CPU.ActiveCfg = Debug|Any CPU
		{D3A785E7-5E0D-459B-9D84-CE167239838F}.Debug|Any CPU.Build.0 = Debug|Any CPU
		{D3A785E7-5E0D-459B-9D84-CE167239838F}.Release|Any CPU.ActiveCfg = Release|Any CPU
		{D3A785E7-5E0D-459B-9D84-CE167239838F}.Release|Any CPU.Build.0 = Release|Any CPU
	EndGlobalSection
	GlobalSection(SolutionProperties) = preSolution
		HideSolutionNode = FALSE
	EndGlobalSection
	GlobalSection(ExtensibilityGlobals) = postSolution
		SolutionGuid = {4B20402D-D76A-4B34-B7CD-6E3E0D0B32B0}
	EndGlobalSection
EndGlobal
